
Microsoft Visual Studio Solution File, Format Version 12.00
# Visual Studio Version 17
VisualStudioVersion = 17.4.33213.308
MinimumVisualStudioVersion = 10.0.40219.1
Project("{FAE04EC0-301F-11D3-BF4B-00C04F79EFBC}") = "WindowsFormsApp1", "WindowsFormsApp1.csproj", "{08D37A33-EAEE-4A23-9899-B28A3F85AB4E}"
EndProject
Global
	GlobalSection(SolutionConfigurationPlatforms) = preSolution
		Debug|Any CPU = Debug|Any CPU
		Release|Any CPU = Release|Any CPU
	EndGlobalSection
	GlobalSection(ProjectConfigurationPlatforms) = postSolution
		{08D37A33-EAEE-4A23-9899-B28A3F85AB4E}.Debug|Any CPU.ActiveCfg = Debug|Any CPU
		{08D37A33-EAEE-4A23-9899-B28A3F85AB4E}.Debug|Any CPU.Build.0 = Debug|Any CPU
		{08D37A33-EAEE-4A23-9899-B28A3F85AB4E}.Release|Any CPU.ActiveCfg = Release|Any CPU
		{08D37A33-EAEE-4A23-9899-B28A3F85AB4E}.Release|Any CPU.Build.0 = Release|Any CPU
	EndGlobalSection
	GlobalSection(SolutionProperties) = preSolution
		HideSolutionNode = FALSE
	EndGlobalSection
	GlobalSection(ExtensibilityGlobals) = postSolution
		SolutionGuid = {B2A85F39-8961-4EE8-BBA9-1B284999AD6A}
	EndGlobalSection
EndGlobal
